
Microsoft Visual Studio Solution File, Format Version 12.00
# Visual Studio Version 16
VisualStudioVersion = 16.0.30225.117
MinimumVisualStudioVersion = 10.0.40219.1
Project("{FAE04EC0-301F-11D3-BF4B-00C04F79EFBC}") = "WeatherWidget", "WeatherWidget\WeatherWidget.csproj", "{B6F946A2-7588-40EC-BD60-8066A7F4C352}"
EndProject
Global
	GlobalSection(SolutionConfigurationPlatforms) = preSolution
		Debug|Any CPU = Debug|Any CPU
		Release|Any CPU = Release|Any CPU
	EndGlobalSection
	GlobalSection(ProjectConfigurationPlatforms) = postSolution
		{B6F946A2-7588-40EC-BD60-8066A7F4C352}.Debug|Any CPU.ActiveCfg = Debug|Any CPU
		{B6F946A2-7588-40EC-BD60-8066A7F4C352}.Debug|Any CPU.Build.0 = Debug|Any CPU
		{B6F946A2-7588-40EC-BD60-8066A7F4C352}.Release|Any CPU.ActiveCfg = Release|Any CPU
		{B6F946A2-7588-40EC-BD60-8066A7F4C352}.Release|Any CPU.Build.0 = Release|Any CPU
	EndGlobalSection
	GlobalSection(SolutionProperties) = preSolution
		HideSolutionNode = FALSE
	EndGlobalSection
	GlobalSection(ExtensibilityGlobals) = postSolution
		SolutionGuid = {63899E3D-A935-4B88-AB9C-4CFE958B805C}
	EndGlobalSection
EndGlobal
